
Microsoft Visual Studio Solution File, Format Version 12.00
# Visual Studio Version 17
VisualStudioVersion = 17.11.35327.3
MinimumVisualStudioVersion = 10.0.40219.1
Project("{FAE04EC0-301F-11D3-BF4B-00C04F79EFBC}") = "eCommerceTesting", "eCommerceTesting.csproj", "{ED2C4896-F335-452D-9B3C-B57ECD6A857C}"
EndProject
Global
	GlobalSection(SolutionConfigurationPlatforms) = preSolution
		Debug|Any CPU = Debug|Any CPU
		Release|Any CPU = Release|Any CPU
	EndGlobalSection
	GlobalSection(ProjectConfigurationPlatforms) = postSolution
		{ED2C4896-F335-452D-9B3C-B57ECD6A857C}.Debug|Any CPU.ActiveCfg = Debug|Any CPU
		{ED2C4896-F335-452D-9B3C-B57ECD6A857C}.Debug|Any CPU.Build.0 = Debug|Any CPU
		{ED2C4896-F335-452D-9B3C-B57ECD6A857C}.Release|Any CPU.ActiveCfg = Release|Any CPU
		{ED2C4896-F335-452D-9B3C-B57ECD6A857C}.Release|Any CPU.Build.0 = Release|Any CPU
	EndGlobalSection
	GlobalSection(SolutionProperties) = preSolution
		HideSolutionNode = FALSE
	EndGlobalSection
	GlobalSection(ExtensibilityGlobals) = postSolution
		SolutionGuid = {0282BCD7-C0D1-4E25-BDD6-C2A11D4BB1FA}
	EndGlobalSection
EndGlobal
